# Captured on 2026-09-08 for Linux x86_64 / Python 3.12.
# Use: bash scripts/install_deps.sh --locked (applies the pinned Lab source patch).
--index-url https://pypi.org/simple
--extra-index-url https://download.pytorch.org/whl/cu128
--extra-index-url https://pypi.nvidia.com
-e .[sim]

absl-py==2.4.0
aioboto3==15.5.0
aiobotocore==2.25.1
aiodns==3.1.1
aiofiles==23.2.1
aiohappyeyeballs==2.6.1
aiohttp==3.13.4
aioitertools==0.11.0
aiosignal==1.4.0
annotated-doc==0.0.5
annotated-types==0.8.0
anyio==4.14.2
asteval==1.0.6
async-timeout==5.0.1
attrs==25.1.0
awscrt==0.23.8
azure-core==1.38.0
azure-identity==1.13.0
azure-storage-blob==12.17.0
boto3==1.40.61
botocore==1.40.61
cbor2==5.9.0
certifi==2026.7.22
cffi==2.1.1
charset-normalizer==3.3.2
click==8.1.7
cloudpickle==3.1.2
cmeel==0.61.0
cmeel-assimp==6.0.5
cmeel-boost==1.90.0
cmeel-console-bridge==1.0.2.3
cmeel-octomap==1.10.0
cmeel-qhull==8.0.2.1
cmeel-tinyxml2==11.0.0
cmeel-urdfdom==6.0.0
cmeel-zlib==1.3.2
coacd==1.0.7
coal==3.0.3
colorlog==6.12.0
contourpy==1.3.3
coverage==7.4.4
cryptography==46.0.7
cuda-bindings==12.9.7
cuda-core==1.2.0
cuda-pathfinder==1.6.0
cuda-toolkit==12.8.1
cycler==0.12.1
daqp==0.8.5
debugpy==1.8.21
docstring_parser==0.18.0
eigenpy==3.13.0
einops==0.8.2
embreex==4.4.0
etils==1.13.0
Farama-Notifications==0.0.6
fastapi==0.120.4
filelock==3.25.2
flaky==3.8.1
flatdict==4.1.0
fonttools==4.61.1
frozenlist==1.5.0
fsspec==2026.2.0
glfw==2.10.0
gymnasium==1.2.1
h11==0.16.0
h5py==3.16.0
hf-xet==1.6.0
hidapi==0.14.0.post2
httpcore==1.0.9
httptools==0.6.1
httpx==0.28.1
huggingface_hub==0.36.2
idna==3.10
idna-ssl==1.1.0
ImageIO==2.37.2
imageio-ffmpeg==0.6.0
imgui-bundle==1.92.601
importlib_resources==7.1.0
iniconfig==2.3.0
-e ./.deps/IsaacLab/source/isaaclab
-e ./.deps/IsaacLab/source/isaaclab_assets
-e ./.deps/IsaacLab/source/isaaclab_ov
-e ./.deps/IsaacLab/source/isaaclab_physx
-e ./.deps/IsaacLab/source/isaaclab_visualizers
isaacsim==6.0.1.0
isaacsim-app==6.0.1.0
isaacsim-asset==6.0.1.0
isaacsim-benchmark==6.0.1.0
isaacsim-code-editor==6.0.1.0
isaacsim-core==6.0.1.0
isaacsim-cortex==6.0.1.0
isaacsim-example==6.0.1.0
isaacsim-extscache-kit==6.0.1.0
isaacsim-extscache-kit-sdk==6.0.1.0
isaacsim-extscache-physics==6.0.1.0
isaacsim-gui==6.0.1.0
isaacsim-kernel==6.0.1.0
isaacsim-replicator==6.0.1.0
isaacsim-rl==6.0.1.0
isaacsim-robot==6.0.1.0
isaacsim-robot-motion==6.0.1.0
isaacsim-robot-setup==6.0.1.0
isaacsim-ros1==6.0.1.0
isaacsim-ros2==6.0.1.0
isaacsim-sensor==6.0.1.0
isaacsim-storage==6.0.1.0
isaacsim-template==6.0.1.0
isaacsim-test==6.0.1.0
isaacsim-utils==6.0.1.0
isodate==0.6.1
Jinja2==3.1.5
jmespath==1.0.1
joblib==1.6.0
jsonschema==4.26.0
jsonschema-specifications==2025.9.1
junitparser==5.0.3
kiwisolver==1.4.9
lazy-loader==0.5
libcoal==3.0.3
libpinocchio==4.1.0
llvmlite==0.46.0
loop-rate-limiters==1.2.0
lxml==6.1.3
manifold3d==3.5.3
mapbox_earcut==2.0.0
markdown-it-py==4.2.0
MarkupSafe==3.0.3
matplotlib==3.10.8
mdurl==0.1.2
ml_dtypes==0.6.0
mpmath==1.3.0
msal==1.35.1
msal-extensions==1.3.1
msgspec==0.21.1
mujoco==3.8.0
mujoco-usd-converter==0.2.0
mujoco-warp==3.8.0.3
multidict==6.1.0
nest-asyncio==1.6.0
networkx==3.6.1
newton==1.2.1
newton-actuators==0.1.0
newton-usd-schemas==0.2.0
nodeenv==1.10.0
numpy==2.3.1
numpy-quaternion==2024.0.13
numpy-stl==4.0.1
nvidia-cublas-cu12==12.8.4.1
nvidia-cuda-cupti-cu12==12.8.90
nvidia-cuda-nvcc-cu12==12.9.86
nvidia-cuda-nvrtc-cu12==12.8.93
nvidia-cuda-runtime-cu12==12.8.90
nvidia-cudnn-cu12==9.19.0.56
nvidia-cufft-cu12==11.3.3.83
nvidia-cufile-cu12==1.13.1.3
nvidia-curand-cu12==10.3.9.90
nvidia-curobo @ git+https://github.com/NVlabs/curobo.git@4ea77366ca48ee453e7df139e39fa6532af49f3b
nvidia-cusolver-cu12==11.7.3.90
nvidia-cusparse-cu12==12.5.8.93
nvidia-cusparselt-cu12==0.7.1
nvidia-nccl-cu12==2.28.9
nvidia-nvfatbin-cu12==12.9.82
nvidia-nvjitlink-cu12==12.8.93
nvidia-nvshmem-cu12==3.4.5
nvidia-nvtx-cu12==12.8.90
oauthlib==3.2.2
omniverseclient==2.71.1.7015
onnx==1.20.1
opencv-python-headless==4.13.0.90
osqp==1.0.5
packaging==26.0
pillow==12.2.0
pin==4.1.0
pin-pink==3.1.0
pip==26.2.1
pluggy==1.6.0
plyfile==1.1.5
portalocker==2.7.0
prettytable==3.3.0
propcache==0.2.1
protobuf==7.36.1
psutil==5.9.8
pycares==5.0.1
pycollada==0.9.3
pycparser==3.0
pydantic==2.11.10
pydantic_core==2.33.2
pyglet==2.1.16
Pygments==2.21.0
PyJWT==2.13.0
pyliblzfse==0.4.1
PyOpenGL==3.1.10
PyOpenGL-accelerate==3.1.10
pyparsing==3.3.2
pyperclip==1.11.0
pypng==0.20220715.0
pytest==8.4.2
pytest-mock==3.15.1
pytetwild==0.2.3
python-dateutil==2.9.0.post0
python-multipart==0.0.26
python-utils==4.0.1
pytz==2024.1
PyYAML==6.0.3
qdldl==0.1.7.post5
qpsolvers==4.13.0
qrcode==7.4.2
quadprog==0.1.13
referencing==0.37.0
regex==2026.9.3
requests==2.32.3
requests-oauthlib==1.3.1
rich==15.0.0
rpds-py==2026.6.3
rtree==1.4.1
ruff==0.13.1
s3transfer==0.14.0
safetensors==0.8.0
scikit-image==0.26.0
scipy==1.17.0
sentry-sdk==2.42.1
setuptools==80.9.0
setuptools-scm==8.3.1
shapely==2.1.2
shtab==1.12.1
six==1.17.0
starlette==0.49.3
svg.path==7.1
sympy==1.14.0
tifffile==2026.8.23
tinyobjloader==2.0.0rc13
tokenizers==0.22.2
toml==0.10.2
torch==2.11.0+cu128
torchaudio==2.11.0+cu128
torchvision==0.26.0+cu128
tqdm==4.67.1
transformers==4.57.6
trimesh==4.11.1
triton==3.6.0
typeguard==4.4.2
typing-inspection==0.4.2
typing_extensions==4.12.2
tyro==0.9.17
urdf-usd-converter==0.1.3
urllib3==2.6.3
usd-core==25.11
usd-exchange==3.0.0
uvicorn==0.29.0
vhacdx==0.0.10
viser==0.2.11
warp-lang==1.13.0
watchdog==4.0.0
wcwidth==0.8.3
websockets==12.0
wheel==0.45.1
wrapt==1.16.0
xxhash==4.0.1
yarl==1.18.3
yourdfpy==0.0.60
zipp==4.1.0
